
Microsoft Visual Studio Solution File, Format Version 12.00
# Visual Studio Version 16
VisualStudioVersion = 16.0.29905.134
MinimumVisualStudioVersion = 10.0.40219.1
Project("{FAE04EC0-301F-11D3-BF4B-00C04F79EFBC}") = "CodeBlogFitness.BL", "CodeBlogFitness.BL\CodeBlogFitness.BL.csproj", "{1E18F7A7-196F-4294-9241-007B75667E17}"
EndProject
Project("{FAE04EC0-301F-11D3-BF4B-00C04F79EFBC}") = "CodeBlogFitness.CMD", "CodeBlogFitness.CMD\CodeBlogFitness.CMD.csproj", "{3CAD1622-EA1F-43AF-BA45-00941455B2EA}"
EndProject
Global
	GlobalSection(SolutionConfigurationPlatforms) = preSolution
		Debug|Any CPU = Debug|Any CPU
		Release|Any CPU = Release|Any CPU
	EndGlobalSection
	GlobalSection(ProjectConfigurationPlatforms) = postSolution
		{1E18F7A7-196F-4294-9241-007B75667E17}.Debug|Any CPU.ActiveCfg = Debug|Any CPU
		{1E18F7A7-196F-4294-9241-007B75667E17}.Debug|Any CPU.Build.0 = Debug|Any CPU
		{1E18F7A7-196F-4294-9241-007B75667E17}.Release|Any CPU.ActiveCfg = Release|Any CPU
		{1E18F7A7-196F-4294-9241-007B75667E17}.Release|Any CPU.Build.0 = Release|Any CPU
		{3CAD1622-EA1F-43AF-BA45-00941455B2EA}.Debug|Any CPU.ActiveCfg = Debug|Any CPU
		{3CAD1622-EA1F-43AF-BA45-00941455B2EA}.Debug|Any CPU.Build.0 = Debug|Any CPU
		{3CAD1622-EA1F-43AF-BA45-00941455B2EA}.Release|Any CPU.ActiveCfg = Release|Any CPU
		{3CAD1622-EA1F-43AF-BA45-00941455B2EA}.Release|Any CPU.Build.0 = Release|Any CPU
	EndGlobalSection
	GlobalSection(SolutionProperties) = preSolution
		HideSolutionNode = FALSE
	EndGlobalSection
	GlobalSection(ExtensibilityGlobals) = postSolution
		SolutionGuid = {BE603FFB-B496-4176-863E-10DCD18035D7}
	EndGlobalSection
EndGlobal
